// !$*UTF8*$!
{
	archiveVersion = 1;
	classes = {
	};
	objectVersion = 46;
	objects = {

/* Begin PBXBuildFile section */
		2C4A663E197EABD500165EA7 /* Foundation.framework in Frameworks */ = {isa = PBXBuildFile; fileRef = 2C4A663D197EABD500165EA7 /* Foundation.framework */; };
		2C4A6640197EABD500165EA7 /* CoreGraphics.framework in Frameworks */ = {isa = PBXBuildFile; fileRef = 2C4A663F197EABD500165EA7 /* CoreGraphics.framework */; };
		2C4A6642197EABD500165EA7 /* UIKit.framework in Frameworks */ = {isa = PBXBuildFile; fileRef = 2C4A6641197EABD500165EA7 /* UIKit.framework */; };
		2C4A6648197EABD500165EA7 /* InfoPlist.strings in Resources */ = {isa = PBXBuildFile; fileRef = 2C4A6646197EABD500165EA7 /* InfoPlist.strings */; };
		2C4A664A197EABD500165EA7 /* main.m in Sources */ = {isa = PBXBuildFile; fileRef = 2C4A6649197EABD500165EA7 /* main.m */; };
		2C4A664E197EABD500165EA7 /* AppDelegate.m in Sources */ = {isa = PBXBuildFile; fileRef = 2C4A664D197EABD500165EA7 /* AppDelegate.m */; };
		2C4A6651197EABD500165EA7 /* Main.storyboard in Resources */ = {isa = PBXBuildFile; fileRef = 2C4A664F197EABD500165EA7 /* Main.storyboard */; };
		2C4A6654197EABD500165EA7 /* ViewController.m in Sources */ = {isa = PBXBuildFile; fileRef = 2C4A6653197EABD500165EA7 /* ViewController.m */; };
		2C4A6656197EABD500165EA7 /* Images.xcassets in Resources */ = {isa = PBXBuildFile; fileRef = 2C4A6655197EABD500165EA7 /* Images.xcassets */; };
		2C4A665D197EABD500165EA7 /* XCTest.framework in Frameworks */ = {isa = PBXBuildFile; fileRef = 2C4A665C197EABD500165EA7 /* XCTest.framework */; };
		2C4A665E197EABD500165EA7 /* Foundation.framework in Frameworks */ = {isa = PBXBuildFile; fileRef = 2C4A663D197EABD500165EA7 /* Foundation.framework */; };
		2C4A665F197EABD500165EA7 /* UIKit.framework in Frameworks */ = {isa = PBXBuildFile; fileRef = 2C4A6641197EABD500165EA7 /* UIKit.framework */; };
		2C4A6667197EABD500165EA7 /* InfoPlist.strings in Resources */ = {isa = PBXBuildFile; fileRef = 2C4A6665197EABD500165EA7 /* InfoPlist.strings */; };
		2C4A6669197EABD500165EA7 /* IntergalacticTravelTests.m in Sources */ = {isa = PBXBuildFile; fileRef = 2C4A6668197EABD500165EA7 /* IntergalacticTravelTests.m */; };
		2C4A6674197EBB3000165EA7 /* VacationViewController.m in Sources */ = {isa = PBXBuildFile; fileRef = 2C4A6673197EBB3000165EA7 /* VacationViewController.m */; };
/* End PBXBuildFile section */

/* Begin PBXContainerItemProxy section */
		2C4A6660197EABD500165EA7 /* PBXContainerItemProxy */ = {
			isa = PBXContainerItemProxy;
			containerPortal = 2C4A6632197EABD400165EA7 /* Project object */;
			proxyType = 1;
			remoteGlobalIDString = 2C4A6639197EABD500165EA7;
			remoteInfo = IntergalacticTravel;
		};
/* End PBXContainerItemProxy section */

/* Begin PBXFileReference section */
		2C4A663A197EABD500165EA7 /* IntergalacticTravel.app */ = {isa = PBXFileReference; explicitFileType = wrapper.application; includeInIndex = 0; path = IntergalacticTravel.app; sourceTree = BUILT_PRODUCTS_DIR; };
		2C4A663D197EABD500165EA7 /* Foundation.framework */ = {isa = PBXFileReference; lastKnownFileType = wrapper.framework; name = Foundation.framework; path = System/Library/Frameworks/Foundation.framework; sourceTree = SDKROOT; };
		2C4A663F197EABD500165EA7 /* CoreGraphics.framework */ = {isa = PBXFileReference; lastKnownFileType = wrapper.framework; name = CoreGraphics.framework; path = System/Library/Frameworks/CoreGraphics.framework; sourceTree = SDKROOT; };
		2C4A6641197EABD500165EA7 /* UIKit.framework */ = {isa = PBXFileReference; lastKnownFileType = wrapper.framework; name = UIKit.framework; path = System/Library/Frameworks/UIKit.framework; sourceTree = SDKROOT; };
		2C4A6645197EABD500165EA7 /* IntergalacticTravel-Info.plist */ = {isa = PBXFileReference; lastKnownFileType = text.plist.xml; path = "IntergalacticTravel-Info.plist"; sourceTree = "<group>"; };
		2C4A6647197EABD500165EA7 /* en */ = {isa = PBXFileReference; lastKnownFileType = text.plist.strings; name = en; path = en.lproj/InfoPlist.strings; sourceTree = "<group>"; };
		2C4A6649197EABD500165EA7 /* main.m */ = {isa = PBXFileReference; lastKnownFileType = sourcecode.c.objc; path = main.m; sourceTree = "<group>"; };
		2C4A664B197EABD500165EA7 /* IntergalacticTravel-Prefix.pch */ = {isa = PBXFileReference; lastKnownFileType = sourcecode.c.h; path = "IntergalacticTravel-Prefix.pch"; sourceTree = "<group>"; };
		2C4A664C197EABD500165EA7 /* AppDelegate.h */ = {isa = PBXFileReference; lastKnownFileType = sourcecode.c.h; path = AppDelegate.h; sourceTree = "<group>"; };
		2C4A664D197EABD500165EA7 /* AppDelegate.m */ = {isa = PBXFileReference; lastKnownFileType = sourcecode.c.objc; path = AppDelegate.m; sourceTree = "<group>"; };
		2C4A6650197EABD500165EA7 /* Base */ = {isa = PBXFileReference; lastKnownFileType = file.storyboard; name = Base; path = Base.lproj/Main.storyboard; sourceTree = "<group>"; };
		2C4A6652197EABD500165EA7 /* ViewController.h */ = {isa = PBXFileReference; lastKnownFileType = sourcecode.c.h; path = ViewController.h; sourceTree = "<group>"; };
		2C4A6653197EABD500165EA7 /* ViewController.m */ = {isa = PBXFileReference; lastKnownFileType = sourcecode.c.objc; path = ViewController.m; sourceTree = "<group>"; };
		2C4A6655197EABD500165EA7 /* Images.xcassets */ = {isa = PBXFileReference; lastKnownFileType = folder.assetcatalog; path = Images.xcassets; sourceTree = "<group>"; };
		2C4A665B197EABD500165EA7 /* IntergalacticTravelTests.xctest */ = {isa = PBXFileReference; explicitFileType = wrapper.cfbundle; includeInIndex = 0; path = IntergalacticTravelTests.xctest; sourceTree = BUILT_PRODUCTS_DIR; };
		2C4A665C197EABD500165EA7 /* XCTest.framework */ = {isa = PBXFileReference; lastKnownFileType = wrapper.framework; name = XCTest.framework; path = Library/Frameworks/XCTest.framework; sourceTree = DEVELOPER_DIR; };
		2C4A6664197EABD500165EA7 /* IntergalacticTravelTests-Info.plist */ = {isa = PBXFileReference; lastKnownFileType = text.plist.xml; path = "IntergalacticTravelTests-Info.plist"; sourceTree = "<group>"; };
		2C4A6666197EABD500165EA7 /* en */ = {isa = PBXFileReference; lastKnownFileType = text.plist.strings; name = en; path = en.lproj/InfoPlist.strings; sourceTree = "<group>"; };
		2C4A6668197EABD500165EA7 /* IntergalacticTravelTests.m */ = {isa = PBXFileReference; lastKnownFileType = sourcecode.c.objc; path = IntergalacticTravelTests.m; sourceTree = "<group>"; };
		2C4A6672197EBB3000165EA7 /* VacationViewController.h */ = {isa = PBXFileReference; fileEncoding = 4; lastKnownFileType = sourcecode.c.h; path = VacationViewController.h; sourceTree = "<group>"; };
		2C4A6673197EBB3000165EA7 /* VacationViewController.m */ = {isa = PBXFileReference; fileEncoding = 4; lastKnownFileType = sourcecode.c.objc; path = VacationViewController.m; sourceTree = "<group>"; };
/* End PBXFileReference section */

/* Begin PBXFrameworksBuildPhase section */
		2C4A6637197EABD500165EA7 /* Frameworks */ = {
			isa = PBXFrameworksBuildPhase;
			buildActionMask = 2147483647;
			files = (
				2C4A6640197EABD500165EA7 /* CoreGraphics.framework in Frameworks */,
				2C4A6642197EABD500165EA7 /* UIKit.framework in Frameworks */,
				2C4A663E197EABD500165EA7 /* Foundation.framework in Frameworks */,
			);
			runOnlyForDeploymentPostprocessing = 0;
		};
		2C4A6658197EABD500165EA7 /* Frameworks */ = {
			isa = PBXFrameworksBuildPhase;
			buildActionMask = 2147483647;
			files = (
				2C4A665D197EABD500165EA7 /* XCTest.framework in Frameworks */,
				2C4A665F197EABD500165EA7 /* UIKit.framework in Frameworks */,
				2C4A665E197EABD500165EA7 /* Foundation.framework in Frameworks */,
			);
			runOnlyForDeploymentPostprocessing = 0;
		};
/* End PBXFrameworksBuildPhase section */

/* Begin PBXGroup section */
		2C4A6631197EABD400165EA7 = {
			isa = PBXGroup;
			children = (
				2C4A6643197EABD500165EA7 /* IntergalacticTravel */,
				2C4A6662197EABD500165EA7 /* IntergalacticTravelTests */,
				2C4A663C197EABD500165EA7 /* Frameworks */,
				2C4A663B197EABD500165EA7 /* Products */,
			);
			sourceTree = "<group>";
		};
		2C4A663B197EABD500165EA7 /* Products */ = {
			isa = PBXGroup;
			children = (
				2C4A663A197EABD500165EA7 /* IntergalacticTravel.app */,
				2C4A665B197EABD500165EA7 /* IntergalacticTravelTests.xctest */,
			);
			name = Products;
			sourceTree = "<group>";
		};
		2C4A663C197EABD500165EA7 /* Frameworks */ = {
			isa = PBXGroup;
			children = (
				2C4A663D197EABD500165EA7 /* Foundation.framework */,
				2C4A663F197EABD500165EA7 /* CoreGraphics.framework */,
				2C4A6641197EABD500165EA7 /* UIKit.framework */,
				2C4A665C197EABD500165EA7 /* XCTest.framework */,
			);
			name = Frameworks;
			sourceTree = "<group>";
		};
		2C4A6643197EABD500165EA7 /* IntergalacticTravel */ = {
			isa = PBXGroup;
			children = (
				2C4A664C197EABD500165EA7 /* AppDelegate.h */,
				2C4A664D197EABD500165EA7 /* AppDelegate.m */,
				2C4A664F197EABD500165EA7 /* Main.storyboard */,
				2C4A6672197EBB3000165EA7 /* VacationViewController.h */,
				2C4A6673197EBB3000165EA7 /* VacationViewController.m */,
				2C4A6652197EABD500165EA7 /* ViewController.h */,
				2C4A6653197EABD500165EA7 /* ViewController.m */,
				2C4A6655197EABD500165EA7 /* Images.xcassets */,
				2C4A6644197EABD500165EA7 /* Supporting Files */,
			);
			path = IntergalacticTravel;
			sourceTree = "<group>";
		};
		2C4A6644197EABD500165EA7 /* Supporting Files */ = {
			isa = PBXGroup;
			children = (
				2C4A6645197EABD500165EA7 /* IntergalacticTravel-Info.plist */,
				2C4A6646197EABD500165EA7 /* InfoPlist.strings */,
				2C4A6649197EABD500165EA7 /* main.m */,
				2C4A664B197EABD500165EA7 /* IntergalacticTravel-Prefix.pch */,
			);
			name = "Supporting Files";
			sourceTree = "<group>";
		};
		2C4A6662197EABD500165EA7 /* IntergalacticTravelTests */ = {
			isa = PBXGroup;
			children = (
				2C4A6668197EABD500165EA7 /* IntergalacticTravelTests.m */,
				2C4A6663197EABD500165EA7 /* Supporting Files */,
			);
			path = IntergalacticTravelTests;
			sourceTree = "<group>";
		};
		2C4A6663197EABD500165EA7 /* Supporting Files */ = {
			isa = PBXGroup;
			children = (
				2C4A6664197EABD500165EA7 /* IntergalacticTravelTests-Info.plist */,
				2C4A6665197EABD500165EA7 /* InfoPlist.strings */,
			);
			name = "Supporting Files";
			sourceTree = "<group>";
		};
/* End PBXGroup section */

/* Begin PBXNativeTarget section */
		2C4A6639197EABD500165EA7 /* IntergalacticTravel */ = {
			isa = PBXNativeTarget;
			buildConfigurationList = 2C4A666C197EABD500165EA7 /* Build configuration list for PBXNativeTarget "IntergalacticTravel" */;
			buildPhases = (
				2C4A6636197EABD500165EA7 /* Sources */,
				2C4A6637197EABD500165EA7 /* Frameworks */,
				2C4A6638197EABD500165EA7 /* Resources */,
			);
			buildRules = (
			);
			dependencies = (
			);
			name = IntergalacticTravel;
			productName = IntergalacticTravel;
			productReference = 2C4A663A197EABD500165EA7 /* IntergalacticTravel.app */;
			productType = "com.apple.product-type.application";
		};
		2C4A665A197EABD500165EA7 /* IntergalacticTravelTests */ = {
			isa = PBXNativeTarget;
			buildConfigurationList = 2C4A666F197EABD500165EA7 /* Build configuration list for PBXNativeTarget "IntergalacticTravelTests" */;
			buildPhases = (
				2C4A6657197EABD500165EA7 /* Sources */,
				2C4A6658197EABD500165EA7 /* Frameworks */,
				2C4A6659197EABD500165EA7 /* Resources */,
			);
			buildRules = (
			);
			dependencies = (
				2C4A6661197EABD500165EA7 /* PBXTargetDependency */,
			);
			name = IntergalacticTravelTests;
			productName = IntergalacticTravelTests;
			productReference = 2C4A665B197EABD500165EA7 /* IntergalacticTravelTests.xctest */;
			productType = "com.apple.product-type.bundle.unit-test";
		};
/* End PBXNativeTarget section */

/* Begin PBXProject section */
		2C4A6632197EABD400165EA7 /* Project object */ = {
			isa = PBXProject;
			attributes = {
				LastUpgradeCheck = 0510;
				ORGANIZATIONNAME = "Mobile Makers";
				TargetAttributes = {
					2C4A665A197EABD500165EA7 = {
						TestTargetID = 2C4A6639197EABD500165EA7;
					};
				};
			};
			buildConfigurationList = 2C4A6635197EABD400165EA7 /* Build configuration list for PBXProject "IntergalacticTravel" */;
			compatibilityVersion = "Xcode 3.2";
			developmentRegion = English;
			hasScannedForEncodings = 0;
			knownRegions = (
				en,
				Base,
			);
			mainGroup = 2C4A6631197EABD400165EA7;
			productRefGroup = 2C4A663B197EABD500165EA7 /* Products */;
			projectDirPath = "";
			projectRoot = "";
			targets = (
				2C4A6639197EABD500165EA7 /* IntergalacticTravel */,
				2C4A665A197EABD500165EA7 /* IntergalacticTravelTests */,
			);
		};
/* End PBXProject section */

/* Begin PBXResourcesBuildPhase section */
		2C4A6638197EABD500165EA7 /* Resources */ = {
			isa = PBXResourcesBuildPhase;
			buildActionMask = 2147483647;
			files = (
				2C4A6656197EABD500165EA7 /* Images.xcassets in Resources */,
				2C4A6648197EABD500165EA7 /* InfoPlist.strings in Resources */,
				2C4A6651197EABD500165EA7 /* Main.storyboard in Resources */,
			);
			runOnlyForDeploymentPostprocessing = 0;
		};
		2C4A6659197EABD500165EA7 /* Resources */ = {
			isa = PBXResourcesBuildPhase;
			buildActionMask = 2147483647;
			files = (
				2C4A6667197EABD500165EA7 /* InfoPlist.strings in Resources */,
			);
			runOnlyForDeploymentPostprocessing = 0;
		};
/* End PBXResourcesBuildPhase section */

/* Begin PBXSourcesBuildPhase section */
		2C4A6636197EABD500165EA7 /* Sources */ = {
			isa = PBXSourcesBuildPhase;
			buildActionMask = 2147483647;
			files = (
				2C4A6654197EABD500165EA7 /* ViewController.m in Sources */,
				2C4A664E197EABD500165EA7 /* AppDelegate.m in Sources */,
				2C4A664A197EABD500165EA7 /* main.m in Sources */,
				2C4A6674197EBB3000165EA7 /* VacationViewController.m in Sources */,
			);
			runOnlyForDeploymentPostprocessing = 0;
		};
		2C4A6657197EABD500165EA7 /* Sources */ = {
			isa = PBXSourcesBuildPhase;
			buildActionMask = 2147483647;
			files = (
				2C4A6669197EABD500165EA7 /* IntergalacticTravelTests.m in Sources */,
			);
			runOnlyForDeploymentPostprocessing = 0;
		};
/* End PBXSourcesBuildPhase section */

/* Begin PBXTargetDependency section */
		2C4A6661197EABD500165EA7 /* PBXTargetDependency */ = {
			isa = PBXTargetDependency;
			target = 2C4A6639197EABD500165EA7 /* IntergalacticTravel */;
			targetProxy = 2C4A6660197EABD500165EA7 /* PBXContainerItemProxy */;
		};
/* End PBXTargetDependency section */

/* Begin PBXVariantGroup section */
		2C4A6646197EABD500165EA7 /* InfoPlist.strings */ = {
			isa = PBXVariantGroup;
			children = (
				2C4A6647197EABD500165EA7 /* en */,
			);
			name = InfoPlist.strings;
			sourceTree = "<group>";
		};
		2C4A664F197EABD500165EA7 /* Main.storyboard */ = {
			isa = PBXVariantGroup;
			children = (
				2C4A6650197EABD500165EA7 /* Base */,
			);
			name = Main.storyboard;
			sourceTree = "<group>";
		};
		2C4A6665197EABD500165EA7 /* InfoPlist.strings */ = {
			isa = PBXVariantGroup;
			children = (
				2C4A6666197EABD500165EA7 /* en */,
			);
			name = InfoPlist.strings;
			sourceTree = "<group>";
		};
/* End PBXVariantGroup section */

/* Begin XCBuildConfiguration section */
		2C4A666A197EABD500165EA7 /* Debug */ = {
			isa = XCBuildConfiguration;
			buildSettings = {
				ALWAYS_SEARCH_USER_PATHS = NO;
				CLANG_CXX_LANGUAGE_STANDARD = "gnu++0x";
				CLANG_CXX_LIBRARY = "libc++";
				CLANG_ENABLE_MODULES = YES;
				CLANG_ENABLE_OBJC_ARC = YES;
				CLANG_WARN_BOOL_CONVERSION = YES;
				CLANG_WARN_CONSTANT_CONVERSION = YES;
				CLANG_WARN_DIRECT_OBJC_ISA_USAGE = YES_ERROR;
				CLANG_WARN_EMPTY_BODY = YES;
				CLANG_WARN_ENUM_CONVERSION = YES;
				CLANG_WARN_INT_CONVERSION = YES;
				CLANG_WARN_OBJC_ROOT_CLASS = YES_ERROR;
				CLANG_WARN__DUPLICATE_METHOD_MATCH = YES;
				"CODE_SIGN_IDENTITY[sdk=iphoneos*]" = "iPhone Developer";
				COPY_PHASE_STRIP = NO;
				GCC_C_LANGUAGE_STANDARD = gnu99;
				GCC_DYNAMIC_NO_PIC = NO;
				GCC_OPTIMIZATION_LEVEL = 0;
				GCC_PREPROCESSOR_DEFINITIONS = (
					"DEBUG=1",
					"$(inherited)",
				);
				GCC_SYMBOLS_PRIVATE_EXTERN = NO;
				GCC_WARN_64_TO_32_BIT_CONVERSION = YES;
				GCC_WARN_ABOUT_RETURN_TYPE = YES_ERROR;
				GCC_WARN_UNDECLARED_SELECTOR = YES;
				GCC_WARN_UNINITIALIZED_AUTOS = YES_AGGRESSIVE;
				GCC_WARN_UNUSED_FUNCTION = YES;
				GCC_WARN_UNUSED_VARIABLE = YES;
				IPHONEOS_DEPLOYMENT_TARGET = 7.1;
				ONLY_ACTIVE_ARCH = YES;
				SDKROOT = iphoneos;
			};
			name = Debug;
		};
		2C4A666B197EABD500165EA7 /* Release */ = {
			isa = XCBuildConfiguration;
			buildSettings = {
				ALWAYS_SEARCH_USER_PATHS = NO;
				CLANG_CXX_LANGUAGE_STANDARD = "gnu++0x";
				CLANG_CXX_LIBRARY = "libc++";
				CLANG_ENABLE_MODULES = YES;
				CLANG_ENABLE_OBJC_ARC = YES;
				CLANG_WARN_BOOL_CONVERSION = YES;
				CLANG_WARN_CONSTANT_CONVERSION = YES;
				CLANG_WARN_DIRECT_OBJC_ISA_USAGE = YES_ERROR;
				CLANG_WARN_EMPTY_BODY = YES;
				CLANG_WARN_ENUM_CONVERSION = YES;
				CLANG_WARN_INT_CONVERSION = YES;
				CLANG_WARN_OBJC_ROOT_CLASS = YES_ERROR;
				CLANG_WARN__DUPLICATE_METHOD_MATCH = YES;
				"CODE_SIGN_IDENTITY[sdk=iphoneos*]" = "iPhone Developer";
				COPY_PHASE_STRIP = YES;
				ENABLE_NS_ASSERTIONS = NO;
				GCC_C_LANGUAGE_STANDARD = gnu99;
				GCC_WARN_64_TO_32_BIT_CONVERSION = YES;
				GCC_WARN_ABOUT_RETURN_TYPE = YES_ERROR;
				GCC_WARN_UNDECLARED_SELECTOR = YES;
				GCC_WARN_UNINITIALIZED_AUTOS = YES_AGGRESSIVE;
				GCC_WARN_UNUSED_FUNCTION = YES;
				GCC_WARN_UNUSED_VARIABLE = YES;
				IPHONEOS_DEPLOYMENT_TARGET = 7.1;
				SDKROOT = iphoneos;
				VALIDATE_PRODUCT = YES;
			};
			name = Release;
		};
		2C4A666D197EABD500165EA7 /* Debug */ = {
			isa = XCBuildConfiguration;
			buildSettings = {
				ASSETCATALOG_COMPILER_APPICON_NAME = AppIcon;
				ASSETCATALOG_COMPILER_LAUNCHIMAGE_NAME = LaunchImage;
				GCC_PRECOMPILE_PREFIX_HEADER = YES;
				GCC_PREFIX_HEADER = "IntergalacticTravel/IntergalacticTravel-Prefix.pch";
				INFOPLIST_FILE = "IntergalacticTravel/IntergalacticTravel-Info.plist";
				PRODUCT_NAME = "$(TARGET_NAME)";
				WRAPPER_EXTENSION = app;
			};
			name = Debug;
		};
		2C4A666E197EABD500165EA7 /* Release */ = {
			isa = XCBuildConfiguration;
			buildSettings = {
				ASSETCATALOG_COMPILER_APPICON_NAME = AppIcon;
				ASSETCATALOG_COMPILER_LAUNCHIMAGE_NAME = LaunchImage;
				GCC_PRECOMPILE_PREFIX_HEADER = YES;
				GCC_PREFIX_HEADER = "IntergalacticTravel/IntergalacticTravel-Prefix.pch";
				INFOPLIST_FILE = "IntergalacticTravel/IntergalacticTravel-Info.plist";
				PRODUCT_NAME = "$(TARGET_NAME)";
				WRAPPER_EXTENSION = app;
			};
			name = Release;
		};
		2C4A6670197EABD500165EA7 /* Debug */ = {
			isa = XCBuildConfiguration;
			buildSettings = {
				BUNDLE_LOADER = "$(BUILT_PRODUCTS_DIR)/IntergalacticTravel.app/IntergalacticTravel";
				FRAMEWORK_SEARCH_PATHS = (
					"$(SDKROOT)/Developer/Library/Frameworks",
					"$(inherited)",
					"$(DEVELOPER_FRAMEWORKS_DIR)",
				);
				GCC_PRECOMPILE_PREFIX_HEADER = YES;
				GCC_PREFIX_HEADER = "IntergalacticTravel/IntergalacticTravel-Prefix.pch";
				GCC_PREPROCESSOR_DEFINITIONS = (
					"DEBUG=1",
					"$(inherited)",
				);
				INFOPLIST_FILE = "IntergalacticTravelTests/IntergalacticTravelTests-Info.plist";
				PRODUCT_NAME = "$(TARGET_NAME)";
				TEST_HOST = "$(BUNDLE_LOADER)";
				WRAPPER_EXTENSION = xctest;
			};
			name = Debug;
		};
		2C4A6671197EABD500165EA7 /* Release */ = {
			isa = XCBuildConfiguration;
			buildSettings = {
				BUNDLE_LOADER = "$(BUILT_PRODUCTS_DIR)/IntergalacticTravel.app/IntergalacticTravel";
				FRAMEWORK_SEARCH_PATHS = (
					"$(SDKROOT)/Developer/Library/Frameworks",
					"$(inherited)",
					"$(DEVELOPER_FRAMEWORKS_DIR)",
				);
				GCC_PRECOMPILE_PREFIX_HEADER = YES;
				GCC_PREFIX_HEADER = "IntergalacticTravel/IntergalacticTravel-Prefix.pch";
				INFOPLIST_FILE = "IntergalacticTravelTests/IntergalacticTravelTests-Info.plist";
				PRODUCT_NAME = "$(TARGET_NAME)";
				TEST_HOST = "$(BUNDLE_LOADER)";
				WRAPPER_EXTENSION = xctest;
			};
			name = Release;
		};
/* End XCBuildConfiguration section */

/* Begin XCConfigurationList section */
		2C4A6635197EABD400165EA7 /* Build configuration list for PBXProject "IntergalacticTravel" */ = {
			isa = XCConfigurationList;
			buildConfigurations = (
				2C4A666A197EABD500165EA7 /* Debug */,
				2C4A666B197EABD500165EA7 /* Release */,
			);
			defaultConfigurationIsVisible = 0;
			defaultConfigurationName = Release;
		};
		2C4A666C197EABD500165EA7 /* Build configuration list for PBXNativeTarget "IntergalacticTravel" */ = {
			isa = XCConfigurationList;
			buildConfigurations = (
				2C4A666D197EABD500165EA7 /* Debug */,
				2C4A666E197EABD500165EA7 /* Release */,
			);
			defaultConfigurationIsVisible = 0;
		};
		2C4A666F197EABD500165EA7 /* Build configuration list for PBXNativeTarget "IntergalacticTravelTests" */ = {
			isa = XCConfigurationList;
			buildConfigurations = (
				2C4A6670197EABD500165EA7 /* Debug */,
				2C4A6671197EABD500165EA7 /* Release */,
			);
			defaultConfigurationIsVisible = 0;
		};
/* End XCConfigurationList section */
	};
	rootObject = 2C4A6632197EABD400165EA7 /* Project object */;
}
